// !$*UTF8*$!
{
	archiveVersion = 1;
	classes = {
	};
	objectVersion = 60;
	objects = {

/* Begin PBXBuildFile section */
		154988FB920EF3E60F892F7E /* APIClient.swift in Sources */ = {
			isa = PBXBuildFile;
			fileRef = FCE05C718F21598D5E3C2B8A /* APIClient.swift */;
		};
		A0B6D2600BE518932A5D7152 /* AudioVerification.swift in Sources */ = {
			isa = PBXBuildFile;
			fileRef = 17A8339F37E3CF34A19DB995 /* AudioVerification.swift */;
		};
		273D994D8965BC00035D1200 /* ConversationCoordinator.swift in Sources */ = {
			isa = PBXBuildFile;
			fileRef = 759D39C95153A9E3FB041A19 /* ConversationCoordinator.swift */;
		};
		245D22167BA283716B355B1C /* Design.swift in Sources */ = {
			isa = PBXBuildFile;
			fileRef = D19555BBAB6E1B2AA0B80BB3 /* Design.swift */;
		};
		5C712F3DF2D3E95C0C674B79 /* LanguageVerification.swift in Sources */ = {
			isa = PBXBuildFile;
			fileRef = 776D8E9B6FD5B78A8BD6FAE8 /* LanguageVerification.swift */;
		};
		0F8A79DDD576C3E85412A7B8 /* LibraryViews.swift in Sources */ = {
			isa = PBXBuildFile;
			fileRef = 52E7F86AAFE093AFF8777EE7 /* LibraryViews.swift */;
		};
		2024CD89583A07C9D26560CC /* LiveTransport.swift in Sources */ = {
			isa = PBXBuildFile;
			fileRef = 36C094DEEF5478FD1D0CEC87 /* LiveTransport.swift */;
		};
		41DF0EC24455EE5E3A559D17 /* ManagedAccountClient.swift in Sources */ = {
			isa = PBXBuildFile;
			fileRef = 167003576D4441DE92DCC3D4 /* ManagedAccountClient.swift */;
		};
		BDF5B3F738A699CCEE875B4E /* ManagedAccountIdentity.swift in Sources */ = {
			isa = PBXBuildFile;
			fileRef = 502FDED244BB60EC165C1136 /* ManagedAccountIdentity.swift */;
		};
		5FCAA2688BB24D8AD2545F44 /* ManagedAccountStore.swift in Sources */ = {
			isa = PBXBuildFile;
			fileRef = A1B8A96E8B76CC66C81F0BCC /* ManagedAccountStore.swift */;
		};
		7FEB43D73F8AA2D78911ED54 /* ManagedAccountView.swift in Sources */ = {
			isa = PBXBuildFile;
			fileRef = 495EF410ACF9B888ABAE764B /* ManagedAccountView.swift */;
		};
		C2B074E4562C738C34B027E7 /* MuralApp.swift in Sources */ = {
			isa = PBXBuildFile;
			fileRef = 439A75EB123FD6F2C8CF05F7 /* MuralApp.swift */;
		};
		0C4401855C7FF4E68EFAD02B /* OnboardingView.swift in Sources */ = {
			isa = PBXBuildFile;
			fileRef = 60246B630B9710861B3A92C8 /* OnboardingView.swift */;
		};
		565F884A6BB7B27A0FF91936 /* PinyinHelp.swift in Sources */ = {
			isa = PBXBuildFile;
			fileRef = 9C9876BD4933AC77469BEB40 /* PinyinHelp.swift */;
		};
		9C82C4C689A2A527CABDECD8 /* RootView.swift in Sources */ = {
			isa = PBXBuildFile;
			fileRef = 90F1F2330C30ACADD8A0EB61 /* RootView.swift */;
		};
		963B06CDF446F1F28F2C30B8 /* ScreenshotPreview.swift in Sources */ = {
			isa = PBXBuildFile;
			fileRef = 77E6BD4E475A97F72503349E /* ScreenshotPreview.swift */;
		};
		16FB3C9033FE273824B3912E /* Storage.swift in Sources */ = {
			isa = PBXBuildFile;
			fileRef = 18655DB5C7FFC1F7492F810C /* Storage.swift */;
		};
		ABFE60E429B642B2B45ADF15 /* MuralCore in Frameworks */ = {
			isa = PBXBuildFile;
			productRef = 94A0426E8D3203DA5468CCF0 /* MuralCore */;
		};
		C33DF9D2E97DB55ABAAD5242 /* WebRTC in Frameworks */ = {
			isa = PBXBuildFile;
			productRef = 01B618ABE573C4FE9E8BD701 /* WebRTC */;
		};
		AA400DFD4219F700A8EA7668 /* Assets.xcassets in Resources */ = {
			isa = PBXBuildFile;
			fileRef = 3685E330EC5277A9DD5661C6 /* Assets.xcassets */;
		};
		9C1AA89A6CD2C46FDAC79981 /* ThirdPartyNotices.txt in Resources */ = {
			isa = PBXBuildFile;
			fileRef = 51586EC659573475D91CFF77 /* ThirdPartyNotices.txt */;
		};
		1ECEA647854BE794015C1169 /* PrivacyInfo.xcprivacy in Resources */ = {
			isa = PBXBuildFile;
			fileRef = 96ED5C5789B174A01557791C /* PrivacyInfo.xcprivacy */;
		};
		4760E3A8BB4919668138303E /* MuralUITests.swift in Sources */ = {
			isa = PBXBuildFile;
			fileRef = 1748188CE7B2BD05F5954E25 /* MuralUITests.swift */;
		};
/* End PBXBuildFile section */

/* Begin PBXContainerItemProxy section */
		E9CA66683FF22D7B8CC65928 /* PBXContainerItemProxy */ = {
			isa = PBXContainerItemProxy;
			containerPortal = 98F54143AB4E86B28C3AFEE0 /* Project object */;
			proxyType = 1;
			remoteGlobalIDString = 0E8A3AD980EC179856012B7E;
			remoteInfo = Mural;
		};
/* End PBXContainerItemProxy section */

/* Begin PBXFileReference section */
		FCE05C718F21598D5E3C2B8A /* APIClient.swift */ = {
			isa = PBXFileReference;
			lastKnownFileType = sourcecode.swift;
			path = App/APIClient.swift;
			sourceTree = "<group>";
		};
		17A8339F37E3CF34A19DB995 /* AudioVerification.swift */ = {
			isa = PBXFileReference;
			lastKnownFileType = sourcecode.swift;
			path = App/AudioVerification.swift;
			sourceTree = "<group>";
		};
		759D39C95153A9E3FB041A19 /* ConversationCoordinator.swift */ = {
			isa = PBXFileReference;
			lastKnownFileType = sourcecode.swift;
			path = App/ConversationCoordinator.swift;
			sourceTree = "<group>";
		};
		D19555BBAB6E1B2AA0B80BB3 /* Design.swift */ = {
			isa = PBXFileReference;
			lastKnownFileType = sourcecode.swift;
			path = App/Design.swift;
			sourceTree = "<group>";
		};
		776D8E9B6FD5B78A8BD6FAE8 /* LanguageVerification.swift */ = {
			isa = PBXFileReference;
			lastKnownFileType = sourcecode.swift;
			path = App/LanguageVerification.swift;
			sourceTree = "<group>";
		};
		52E7F86AAFE093AFF8777EE7 /* LibraryViews.swift */ = {
			isa = PBXFileReference;
			lastKnownFileType = sourcecode.swift;
			path = App/LibraryViews.swift;
			sourceTree = "<group>";
		};
		36C094DEEF5478FD1D0CEC87 /* LiveTransport.swift */ = {
			isa = PBXFileReference;
			lastKnownFileType = sourcecode.swift;
			path = App/LiveTransport.swift;
			sourceTree = "<group>";
		};
		167003576D4441DE92DCC3D4 /* ManagedAccountClient.swift */ = {
			isa = PBXFileReference;
			lastKnownFileType = sourcecode.swift;
			path = App/ManagedAccountClient.swift;
			sourceTree = "<group>";
		};
		502FDED244BB60EC165C1136 /* ManagedAccountIdentity.swift */ = {
			isa = PBXFileReference;
			lastKnownFileType = sourcecode.swift;
			path = App/ManagedAccountIdentity.swift;
			sourceTree = "<group>";
		};
		A1B8A96E8B76CC66C81F0BCC /* ManagedAccountStore.swift */ = {
			isa = PBXFileReference;
			lastKnownFileType = sourcecode.swift;
			path = App/ManagedAccountStore.swift;
			sourceTree = "<group>";
		};
		495EF410ACF9B888ABAE764B /* ManagedAccountView.swift */ = {
			isa = PBXFileReference;
			lastKnownFileType = sourcecode.swift;
			path = App/ManagedAccountView.swift;
			sourceTree = "<group>";
		};
		439A75EB123FD6F2C8CF05F7 /* MuralApp.swift */ = {
			isa = PBXFileReference;
			lastKnownFileType = sourcecode.swift;
			path = App/MuralApp.swift;
			sourceTree = "<group>";
		};
		60246B630B9710861B3A92C8 /* OnboardingView.swift */ = {
			isa = PBXFileReference;
			lastKnownFileType = sourcecode.swift;
			path = App/OnboardingView.swift;
			sourceTree = "<group>";
		};
		9C9876BD4933AC77469BEB40 /* PinyinHelp.swift */ = {
			isa = PBXFileReference;
			lastKnownFileType = sourcecode.swift;
			path = App/PinyinHelp.swift;
			sourceTree = "<group>";
		};
		90F1F2330C30ACADD8A0EB61 /* RootView.swift */ = {
			isa = PBXFileReference;
			lastKnownFileType = sourcecode.swift;
			path = App/RootView.swift;
			sourceTree = "<group>";
		};
		77E6BD4E475A97F72503349E /* ScreenshotPreview.swift */ = {
			isa = PBXFileReference;
			lastKnownFileType = sourcecode.swift;
			path = App/ScreenshotPreview.swift;
			sourceTree = "<group>";
		};
		18655DB5C7FFC1F7492F810C /* Storage.swift */ = {
			isa = PBXFileReference;
			lastKnownFileType = sourcecode.swift;
			path = App/Storage.swift;
			sourceTree = "<group>";
		};
		3685E330EC5277A9DD5661C6 /* Assets.xcassets */ = {
			isa = PBXFileReference;
			lastKnownFileType = folder.assetcatalog;
			path = App/Assets.xcassets;
			sourceTree = "<group>";
		};
		51586EC659573475D91CFF77 /* ThirdPartyNotices.txt */ = {
			isa = PBXFileReference;
			lastKnownFileType = text;
			path = App/ThirdPartyNotices.txt;
			sourceTree = "<group>";
		};
		96ED5C5789B174A01557791C /* PrivacyInfo.xcprivacy */ = {
			isa = PBXFileReference;
			lastKnownFileType = text.xml;
			path = App/PrivacyInfo.xcprivacy;
			sourceTree = "<group>";
		};
		5A196401BBDDBC909972A38B /* Signing.xcconfig */ = {
			isa = PBXFileReference;
			lastKnownFileType = text.xcconfig;
			path = Config/Signing.xcconfig;
			sourceTree = "<group>";
		};
		1748188CE7B2BD05F5954E25 /* MuralUITests.swift */ = {
			isa = PBXFileReference;
			lastKnownFileType = sourcecode.swift;
			path = UITests/MuralUITests.swift;
			sourceTree = "<group>";
		};
		38A007151ABE87CC01A5B6E9 /* Mural.app */ = {
			isa = PBXFileReference;
			explicitFileType = wrapper.application;
			path = Mural.app;
			sourceTree = BUILT_PRODUCTS_DIR;
		};
		F219C0274590DA45E4BEF1EA /* MuralUITests.xctest */ = {
			isa = PBXFileReference;
			explicitFileType = wrapper.cfbundle;
			path = MuralUITests.xctest;
			sourceTree = BUILT_PRODUCTS_DIR;
		};
/* End PBXFileReference section */

/* Begin PBXFrameworksBuildPhase section */
		7561BFB015D8F536760CB671 /* Frameworks */ = {
			isa = PBXFrameworksBuildPhase;
			buildActionMask = 2147483647;
			files = (
				ABFE60E429B642B2B45ADF15 /* MuralCore in Frameworks */,
				C33DF9D2E97DB55ABAAD5242 /* WebRTC in Frameworks */,
			);
			runOnlyForDeploymentPostprocessing = 0;
		};
/* End PBXFrameworksBuildPhase section */

/* Begin PBXGroup section */
		FBDC4F23F93125BBEEAE800C /* Products */ = {
			isa = PBXGroup;
			children = (
				38A007151ABE87CC01A5B6E9 /* Mural.app */,
				F219C0274590DA45E4BEF1EA /* MuralUITests.xctest */,
			);
			name = Products;
			sourceTree = "<group>";
		};
		B28B7AF69320201D1CF206EB = {
			isa = PBXGroup;
			children = (
				FCE05C718F21598D5E3C2B8A /* APIClient.swift */,
				17A8339F37E3CF34A19DB995 /* AudioVerification.swift */,
				759D39C95153A9E3FB041A19 /* ConversationCoordinator.swift */,
				D19555BBAB6E1B2AA0B80BB3 /* Design.swift */,
				776D8E9B6FD5B78A8BD6FAE8 /* LanguageVerification.swift */,
				52E7F86AAFE093AFF8777EE7 /* LibraryViews.swift */,
				36C094DEEF5478FD1D0CEC87 /* LiveTransport.swift */,
				167003576D4441DE92DCC3D4 /* ManagedAccountClient.swift */,
				502FDED244BB60EC165C1136 /* ManagedAccountIdentity.swift */,
				A1B8A96E8B76CC66C81F0BCC /* ManagedAccountStore.swift */,
				495EF410ACF9B888ABAE764B /* ManagedAccountView.swift */,
				439A75EB123FD6F2C8CF05F7 /* MuralApp.swift */,
				60246B630B9710861B3A92C8 /* OnboardingView.swift */,
				9C9876BD4933AC77469BEB40 /* PinyinHelp.swift */,
				90F1F2330C30ACADD8A0EB61 /* RootView.swift */,
				77E6BD4E475A97F72503349E /* ScreenshotPreview.swift */,
				18655DB5C7FFC1F7492F810C /* Storage.swift */,
				3685E330EC5277A9DD5661C6 /* Assets.xcassets */,
				51586EC659573475D91CFF77 /* ThirdPartyNotices.txt */,
				96ED5C5789B174A01557791C /* PrivacyInfo.xcprivacy */,
				5A196401BBDDBC909972A38B /* Signing.xcconfig */,
				1748188CE7B2BD05F5954E25 /* MuralUITests.swift */,
				FBDC4F23F93125BBEEAE800C /* Products */,
			);
			sourceTree = "<group>";
		};
/* End PBXGroup section */

/* Begin PBXNativeTarget section */
		0E8A3AD980EC179856012B7E /* Mural */ = {
			isa = PBXNativeTarget;
			buildConfigurationList = C57128001CE614BF8549D6BB /* Build configuration list for PBXNativeTarget "Mural" */;
			buildPhases = (
				BCE16DD0260827ECF338C787 /* Sources */,
				7561BFB015D8F536760CB671 /* Frameworks */,
				0189424A5A60FED329FA868E /* Resources */,
			);
			buildRules = (
			);
			dependencies = (
			);
			name = Mural;
			packageProductDependencies = (
				94A0426E8D3203DA5468CCF0 /* MuralCore */,
				01B618ABE573C4FE9E8BD701 /* WebRTC */,
			);
			productName = Mural;
			productReference = 38A007151ABE87CC01A5B6E9 /* Mural.app */;
			productType = "com.apple.product-type.application";
		};
		64BCB755386F844C96A2A5B0 /* MuralUITests */ = {
			isa = PBXNativeTarget;
			buildConfigurationList = 61AF5D6BEA2D148C6F2833BF /* Build configuration list for PBXNativeTarget "MuralUITests" */;
			buildPhases = (
				6E431EB0650617AA1756B320 /* Sources */,
			);
			buildRules = (
			);
			dependencies = (
				C58B1D22E6B06406536A4294 /* PBXTargetDependency */,
			);
			name = MuralUITests;
			productName = MuralUITests;
			productReference = F219C0274590DA45E4BEF1EA /* MuralUITests.xctest */;
			productType = "com.apple.product-type.bundle.ui-testing";
		};
/* End PBXNativeTarget section */

/* Begin PBXProject section */
		98F54143AB4E86B28C3AFEE0 /* Project object */ = {
			isa = PBXProject;
			attributes = {
				BuildIndependentTargetsInParallel = YES;
				LastUpgradeCheck = 2640;
				TargetAttributes = {
					0E8A3AD980EC179856012B7E = {
						CreatedOnToolsVersion = 26.4;
					};
					64BCB755386F844C96A2A5B0 = {
						CreatedOnToolsVersion = 26.4;
						TestTargetID = 0E8A3AD980EC179856012B7E;
					};
				};
			};
			buildConfigurationList = 862894B703A6DEDF96A9DD6C /* Build configuration list for PBXProject "Mural" */;
			compatibilityVersion = "Xcode 14.0";
			developmentRegion = en;
			hasScannedForEncodings = 0;
			knownRegions = (
				en,
				nb,
				Base,
			);
			mainGroup = B28B7AF69320201D1CF206EB;
			packageReferences = (
				FD7386993452CC667350B4BB /* XCLocalSwiftPackageReference "." */,
				0B77AA74C4F47F3839512FE2 /* XCRemoteSwiftPackageReference "WebRTC" */,
			);
			productRefGroup = FBDC4F23F93125BBEEAE800C /* Products */;
			projectDirPath = "";
			projectRoot = "";
			targets = (
				0E8A3AD980EC179856012B7E /* Mural */,
				64BCB755386F844C96A2A5B0 /* MuralUITests */,
			);
		};
/* End PBXProject section */

/* Begin PBXResourcesBuildPhase section */
		0189424A5A60FED329FA868E /* Resources */ = {
			isa = PBXResourcesBuildPhase;
			buildActionMask = 2147483647;
			files = (
				AA400DFD4219F700A8EA7668 /* Assets.xcassets in Resources */,
				9C1AA89A6CD2C46FDAC79981 /* ThirdPartyNotices.txt in Resources */,
				1ECEA647854BE794015C1169 /* PrivacyInfo.xcprivacy in Resources */,
			);
			runOnlyForDeploymentPostprocessing = 0;
		};
/* End PBXResourcesBuildPhase section */

/* Begin PBXSourcesBuildPhase section */
		BCE16DD0260827ECF338C787 /* Sources */ = {
			isa = PBXSourcesBuildPhase;
			buildActionMask = 2147483647;
			files = (
				154988FB920EF3E60F892F7E /* APIClient.swift in Sources */,
				A0B6D2600BE518932A5D7152 /* AudioVerification.swift in Sources */,
				273D994D8965BC00035D1200 /* ConversationCoordinator.swift in Sources */,
				245D22167BA283716B355B1C /* Design.swift in Sources */,
				5C712F3DF2D3E95C0C674B79 /* LanguageVerification.swift in Sources */,
				0F8A79DDD576C3E85412A7B8 /* LibraryViews.swift in Sources */,
				2024CD89583A07C9D26560CC /* LiveTransport.swift in Sources */,
				41DF0EC24455EE5E3A559D17 /* ManagedAccountClient.swift in Sources */,
				BDF5B3F738A699CCEE875B4E /* ManagedAccountIdentity.swift in Sources */,
				5FCAA2688BB24D8AD2545F44 /* ManagedAccountStore.swift in Sources */,
				7FEB43D73F8AA2D78911ED54 /* ManagedAccountView.swift in Sources */,
				C2B074E4562C738C34B027E7 /* MuralApp.swift in Sources */,
				0C4401855C7FF4E68EFAD02B /* OnboardingView.swift in Sources */,
				565F884A6BB7B27A0FF91936 /* PinyinHelp.swift in Sources */,
				9C82C4C689A2A527CABDECD8 /* RootView.swift in Sources */,
				963B06CDF446F1F28F2C30B8 /* ScreenshotPreview.swift in Sources */,
				16FB3C9033FE273824B3912E /* Storage.swift in Sources */,
			);
			runOnlyForDeploymentPostprocessing = 0;
		};
		6E431EB0650617AA1756B320 /* Sources */ = {
			isa = PBXSourcesBuildPhase;
			buildActionMask = 2147483647;
			files = (
				4760E3A8BB4919668138303E /* MuralUITests.swift in Sources */,
			);
			runOnlyForDeploymentPostprocessing = 0;
		};
/* End PBXSourcesBuildPhase section */

/* Begin PBXTargetDependency section */
		C58B1D22E6B06406536A4294 /* PBXTargetDependency */ = {
			isa = PBXTargetDependency;
			target = 0E8A3AD980EC179856012B7E /* Mural */;
			targetProxy = E9CA66683FF22D7B8CC65928 /* PBXContainerItemProxy */;
		};
/* End PBXTargetDependency section */

/* Begin XCBuildConfiguration section */
		7082CC0B6FC1282FCEABD07A /* Debug */ = {
			isa = XCBuildConfiguration;
			buildSettings = {
				PRODUCT_BUNDLE_IDENTIFIER = is.vivatok.mural;
				PRODUCT_NAME = "$(TARGET_NAME)";
				TARGETED_DEVICE_FAMILY = 1;
				GENERATE_INFOPLIST_FILE = NO;
				INFOPLIST_FILE = App/Info.plist;
				CODE_SIGN_STYLE = Automatic;
				MARKETING_VERSION = 0.1.0;
				CURRENT_PROJECT_VERSION = 2;
				ASSETCATALOG_COMPILER_APPICON_NAME = AppIcon;
				ASSETCATALOG_COMPILER_GLOBAL_ACCENT_COLOR_NAME = AccentColor;
				LD_RUNPATH_SEARCH_PATHS = (
					"$(inherited)",
					"@executable_path/Frameworks",
				);
				ENABLE_PREVIEWS = YES;
				SUPPORTED_PLATFORMS = "iphoneos iphonesimulator";
				CODE_SIGN_ENTITLEMENTS = "$(MURAL_APPLE_ENTITLEMENTS)";
				SWIFT_ACTIVE_COMPILATION_CONDITIONS = "$(inherited) $(MURAL_APPLE_SWIFT_FLAGS)";
			};
			name = Debug;
			baseConfigurationReference = 5A196401BBDDBC909972A38B /* Signing.xcconfig */;
		};
		639A7CA24D39909E713B47F7 /* Release */ = {
			isa = XCBuildConfiguration;
			buildSettings = {
				PRODUCT_BUNDLE_IDENTIFIER = is.vivatok.mural;
				PRODUCT_NAME = "$(TARGET_NAME)";
				TARGETED_DEVICE_FAMILY = 1;
				GENERATE_INFOPLIST_FILE = NO;
				INFOPLIST_FILE = App/Info.plist;
				CODE_SIGN_STYLE = Automatic;
				MARKETING_VERSION = 0.1.0;
				CURRENT_PROJECT_VERSION = 2;
				ASSETCATALOG_COMPILER_APPICON_NAME = AppIcon;
				ASSETCATALOG_COMPILER_GLOBAL_ACCENT_COLOR_NAME = AccentColor;
				LD_RUNPATH_SEARCH_PATHS = (
					"$(inherited)",
					"@executable_path/Frameworks",
				);
				ENABLE_PREVIEWS = YES;
				SUPPORTED_PLATFORMS = "iphoneos iphonesimulator";
				CODE_SIGN_ENTITLEMENTS = "$(MURAL_APPLE_ENTITLEMENTS)";
				SWIFT_ACTIVE_COMPILATION_CONDITIONS = "$(inherited) $(MURAL_APPLE_SWIFT_FLAGS)";
			};
			name = Release;
			baseConfigurationReference = 5A196401BBDDBC909972A38B /* Signing.xcconfig */;
		};
		0F3D67935A4F199E058A017A /* Debug */ = {
			isa = XCBuildConfiguration;
			buildSettings = {
				PRODUCT_BUNDLE_IDENTIFIER = is.vivatok.mural.uitests;
				PRODUCT_NAME = "$(TARGET_NAME)";
				GENERATE_INFOPLIST_FILE = YES;
				TEST_TARGET_NAME = Mural;
				TARGETED_DEVICE_FAMILY = 1;
				CODE_SIGN_STYLE = Automatic;
			};
			name = Debug;
			baseConfigurationReference = 5A196401BBDDBC909972A38B /* Signing.xcconfig */;
		};
		20B70E15FDC36C625E57F658 /* Release */ = {
			isa = XCBuildConfiguration;
			buildSettings = {
				PRODUCT_BUNDLE_IDENTIFIER = is.vivatok.mural.uitests;
				PRODUCT_NAME = "$(TARGET_NAME)";
				GENERATE_INFOPLIST_FILE = YES;
				TEST_TARGET_NAME = Mural;
				TARGETED_DEVICE_FAMILY = 1;
				CODE_SIGN_STYLE = Automatic;
			};
			name = Release;
			baseConfigurationReference = 5A196401BBDDBC909972A38B /* Signing.xcconfig */;
		};
		89E1FD6268CC0F221A2BE178 /* Debug */ = {
			isa = XCBuildConfiguration;
			buildSettings = {
				SDKROOT = iphoneos;
				IPHONEOS_DEPLOYMENT_TARGET = 26.1;
				SWIFT_VERSION = 5.0;
				CLANG_ENABLE_MODULES = YES;
				CLANG_ENABLE_OBJC_ARC = YES;
				SWIFT_STRICT_CONCURRENCY = targeted;
				SWIFT_OPTIMIZATION_LEVEL = "-Onone";
				DEBUG_INFORMATION_FORMAT = dwarf;
				SWIFT_ACTIVE_COMPILATION_CONDITIONS = DEBUG;
			};
			name = Debug;
		};
		E6DE6C99132752C914FEF632 /* Release */ = {
			isa = XCBuildConfiguration;
			buildSettings = {
				SDKROOT = iphoneos;
				IPHONEOS_DEPLOYMENT_TARGET = 26.1;
				SWIFT_VERSION = 5.0;
				CLANG_ENABLE_MODULES = YES;
				CLANG_ENABLE_OBJC_ARC = YES;
				SWIFT_STRICT_CONCURRENCY = targeted;
				SWIFT_OPTIMIZATION_LEVEL = "-O";
				DEBUG_INFORMATION_FORMAT = "dwarf-with-dsym";
			};
			name = Release;
		};
/* End XCBuildConfiguration section */

/* Begin XCConfigurationList section */
		C57128001CE614BF8549D6BB /* Build configuration list for PBXNativeTarget "Mural" */ = {
			isa = XCConfigurationList;
			buildConfigurations = (
				7082CC0B6FC1282FCEABD07A /* Debug */,
				639A7CA24D39909E713B47F7 /* Release */,
			);
			defaultConfigurationIsVisible = 0;
			defaultConfigurationName = Release;
		};
		61AF5D6BEA2D148C6F2833BF /* Build configuration list for PBXNativeTarget "MuralUITests" */ = {
			isa = XCConfigurationList;
			buildConfigurations = (
				0F3D67935A4F199E058A017A /* Debug */,
				20B70E15FDC36C625E57F658 /* Release */,
			);
			defaultConfigurationIsVisible = 0;
			defaultConfigurationName = Release;
		};
		862894B703A6DEDF96A9DD6C /* Build configuration list for PBXProject "Mural" */ = {
			isa = XCConfigurationList;
			buildConfigurations = (
				89E1FD6268CC0F221A2BE178 /* Debug */,
				E6DE6C99132752C914FEF632 /* Release */,
			);
			defaultConfigurationIsVisible = 0;
			defaultConfigurationName = Release;
		};
/* End XCConfigurationList section */

/* Begin XCLocalSwiftPackageReference section */
		FD7386993452CC667350B4BB /* XCLocalSwiftPackageReference "." */ = {
			isa = XCLocalSwiftPackageReference;
			relativePath = .;
		};
/* End XCLocalSwiftPackageReference section */

/* Begin XCRemoteSwiftPackageReference section */
		0B77AA74C4F47F3839512FE2 /* XCRemoteSwiftPackageReference "WebRTC" */ = {
			isa = XCRemoteSwiftPackageReference;
			repositoryURL = "https://github.com/stasel/WebRTC.git";
			requirement = {
				kind = exactVersion;
				version = 152.0.0;
			};
		};
/* End XCRemoteSwiftPackageReference section */

/* Begin XCSwiftPackageProductDependency section */
		94A0426E8D3203DA5468CCF0 /* MuralCore */ = {
			isa = XCSwiftPackageProductDependency;
			package = FD7386993452CC667350B4BB /* XCLocalSwiftPackageReference "." */;
			productName = MuralCore;
		};
		01B618ABE573C4FE9E8BD701 /* WebRTC */ = {
			isa = XCSwiftPackageProductDependency;
			package = 0B77AA74C4F47F3839512FE2 /* XCRemoteSwiftPackageReference "WebRTC" */;
			productName = WebRTC;
		};
/* End XCSwiftPackageProductDependency section */

	};
	rootObject = 98F54143AB4E86B28C3AFEE0 /* Project object */;
}
